# THIS IS AN AUTOGENERATED FILE. DO NOT EDIT THIS FILE DIRECTLY.
# yarn lockfile v1


commander@~2.20.3:
  version "2.20.3"
  resolved "https://registry.yarnpkg.com/commander/-/commander-2.20.3.tgz#fd485e84c03eb4881c20722ba48035e8531aeb33"
  integrity sha512-GpVkmM8vF2vQUkj2LvZmD35JxeJOLCwJ9cUkugyk2nuhbv3+mJvpLYYt+0+USMxE+oj+ey/lJEnhZw75x/OMcQ==

decentraland-builder-scripts@^0.24.0:
  version "0.24.0"
  resolved "https://registry.yarnpkg.com/decentraland-builder-scripts/-/decentraland-builder-scripts-0.24.0.tgz#2117a7b3f5b35464746873fa6b240b73267ba4bb"
  integrity sha512-gqCwQCLX1oez3rACmeqmVUyYmcwZmpk2VozfBF4LRMawgX1YoInraKbuOTs+2DbrDG8zmbDGDCj6wAeLsg7irA==
  dependencies:
    decentraland-ecs "^6.1.4"

decentraland-ecs@^6.1.4, decentraland-ecs@latest:
  version "6.4.4"
  resolved "https://registry.yarnpkg.com/decentraland-ecs/-/decentraland-ecs-6.4.4.tgz#693a0d4a968ddad9d06d33045102e73166867643"
  integrity sha512-Fhpb78ijvLwZ1sCnZciMQH80RUxBKiMCLqhLVBFe81UQEfuZuFFxCRca91b50dN1gDojEOM8chfdwcAlZScHPQ==
  dependencies:
    typescript "^3.4.5"
    uglify-js "^3.5.2"

source-map@~0.6.1:
  version "0.6.1"
  resolved "https://registry.yarnpkg.com/source-map/-/source-map-0.6.1.tgz#74722af32e9614e9c287a8d0bbde48b5e2f1a263"
  integrity sha512-UjgapumWlbMhkBgzT7Ykc5YXUT46F0iKu8SGXq0bcwP5dz/h0Plj6enJqjz1Zbq2l5WaqYnrVbwWOWMyF3F47g==

typescript@^3.4.5:
  version "3.7.5"
  resolved "https://registry.yarnpkg.com/typescript/-/typescript-3.7.5.tgz#0692e21f65fd4108b9330238aac11dd2e177a1ae"
  integrity sha512-/P5lkRXkWHNAbcJIiHPfRoKqyd7bsyCma1hZNUGfn20qm64T6ZBlrzprymeu918H+mB/0rIg2gGK/BXkhhYgBw==

uglify-js@^3.5.2:
  version "3.7.7"
  resolved "https://registry.yarnpkg.com/uglify-js/-/uglify-js-3.7.7.tgz#21e52c7dccda80a53bf7cde69628a7e511aec9c9"
  integrity sha512-FeSU+hi7ULYy6mn8PKio/tXsdSXN35lm4KgV2asx00kzrLU9Pi3oAslcJT70Jdj7PHX29gGUPOT6+lXGBbemhA==
  dependencies:
    commander "~2.20.3"
    source-map "~0.6.1"
